
Microsoft Visual Studio Solution File, Format Version 12.00
# Visual Studio Version 16
VisualStudioVersion = 16.0.31112.23
MinimumVisualStudioVersion = 10.0.40219.1
Project("{FAE04EC0-301F-11D3-BF4B-00C04F79EFBC}") = "teste", "teste\teste.csproj", "{CD9D9D78-5E94-4000-9CB3-13E6D1F170A2}"
EndProject
Global
	GlobalSection(SolutionConfigurationPlatforms) = preSolution
		Debug|Any CPU = Debug|Any CPU
		Release|Any CPU = Release|Any CPU
	EndGlobalSection
	GlobalSection(ProjectConfigurationPlatforms) = postSolution
		{CD9D9D78-5E94-4000-9CB3-13E6D1F170A2}.Debug|Any CPU.ActiveCfg = Debug|Any CPU
		{CD9D9D78-5E94-4000-9CB3-13E6D1F170A2}.Debug|Any CPU.Build.0 = Debug|Any CPU
		{CD9D9D78-5E94-4000-9CB3-13E6D1F170A2}.Release|Any CPU.ActiveCfg = Release|Any CPU
		{CD9D9D78-5E94-4000-9CB3-13E6D1F170A2}.Release|Any CPU.Build.0 = Release|Any CPU
	EndGlobalSection
	GlobalSection(SolutionProperties) = preSolution
		HideSolutionNode = FALSE
	EndGlobalSection
	GlobalSection(ExtensibilityGlobals) = postSolution
		SolutionGuid = {F49B3BC3-1C4C-4720-9FD8-ECF3F1BA6BAB}
	EndGlobalSection
EndGlobal
